
Microsoft Visual Studio Solution File, Format Version 12.00
# Visual Studio Version 17
VisualStudioVersion = 17.2.32630.192
MinimumVisualStudioVersion = 10.0.40219.1
Project("{FAE04EC0-301F-11D3-BF4B-00C04F79EFBC}") = "W3ObjectEditor", "W3UEditor\W3ObjectEditor.csproj", "{FF9E127D-316A-4315-AE69-C0EF92BB751C}"
EndProject
Global
	GlobalSection(SolutionConfigurationPlatforms) = preSolution
		Debug|Any CPU = Debug|Any CPU
		Release|Any CPU = Release|Any CPU
	EndGlobalSection
	GlobalSection(ProjectConfigurationPlatforms) = postSolution
		{FF9E127D-316A-4315-AE69-C0EF92BB751C}.Debug|Any CPU.ActiveCfg = Debug|Any CPU
		{FF9E127D-316A-4315-AE69-C0EF92BB751C}.Debug|Any CPU.Build.0 = Debug|Any CPU
		{FF9E127D-316A-4315-AE69-C0EF92BB751C}.Release|Any CPU.ActiveCfg = Release|Any CPU
		{FF9E127D-316A-4315-AE69-C0EF92BB751C}.Release|Any CPU.Build.0 = Release|Any CPU
	EndGlobalSection
	GlobalSection(SolutionProperties) = preSolution
		HideSolutionNode = FALSE
	EndGlobalSection
	GlobalSection(ExtensibilityGlobals) = postSolution
		SolutionGuid = {F77DD6ED-B085-406A-BE9B-E1090B7834DB}
	EndGlobalSection
EndGlobal
